
Microsoft Visual Studio Solution File, Format Version 12.00
# Visual Studio Version 17
VisualStudioVersion = 17.1.32421.90
MinimumVisualStudioVersion = 10.0.40219.1
Project("{9A19103F-16F7-4668-BE54-9A1E7A4F7556}") = "TendaUltramarinos_Blazor.Web", "TendaUltramarinos_Blazor.Web\TendaUltramarinos_Blazor.Web.csproj", "{6C6B1E7A-0E14-4E0D-B4EE-1BB9925B31B6}"
EndProject
Project("{9A19103F-16F7-4668-BE54-9A1E7A4F7556}") = "TendaUltramarinos.Api", "TendaUltramarinos.Api\TendaUltramarinos.Api.csproj", "{B3CE0609-E5DC-449C-B41E-FEB3A5EC033D}"
EndProject
Project("{9A19103F-16F7-4668-BE54-9A1E7A4F7556}") = "TendaUltramarinos.Modelos", "TendaUltramarinos.Modelos\TendaUltramarinos.Modelos.csproj", "{F769F3C1-B4E5-4DC2-8B24-E55A62C27336}"
EndProject
Global
	GlobalSection(SolutionConfigurationPlatforms) = preSolution
		Debug|Any CPU = Debug|Any CPU
		Release|Any CPU = Release|Any CPU
	EndGlobalSection
	GlobalSection(ProjectConfigurationPlatforms) = postSolution
		{6C6B1E7A-0E14-4E0D-B4EE-1BB9925B31B6}.Debug|Any CPU.ActiveCfg = Debug|Any CPU
		{6C6B1E7A-0E14-4E0D-B4EE-1BB9925B31B6}.Debug|Any CPU.Build.0 = Debug|Any CPU
		{6C6B1E7A-0E14-4E0D-B4EE-1BB9925B31B6}.Release|Any CPU.ActiveCfg = Release|Any CPU
		{6C6B1E7A-0E14-4E0D-B4EE-1BB9925B31B6}.Release|Any CPU.Build.0 = Release|Any CPU
		{B3CE0609-E5DC-449C-B41E-FEB3A5EC033D}.Debug|Any CPU.ActiveCfg = Debug|Any CPU
		{B3CE0609-E5DC-449C-B41E-FEB3A5EC033D}.Debug|Any CPU.Build.0 = Debug|Any CPU
		{B3CE0609-E5DC-449C-B41E-FEB3A5EC033D}.Release|Any CPU.ActiveCfg = Release|Any CPU
		{B3CE0609-E5DC-449C-B41E-FEB3A5EC033D}.Release|Any CPU.Build.0 = Release|Any CPU
		{F769F3C1-B4E5-4DC2-8B24-E55A62C27336}.Debug|Any CPU.ActiveCfg = Debug|Any CPU
		{F769F3C1-B4E5-4DC2-8B24-E55A62C27336}.Debug|Any CPU.Build.0 = Debug|Any CPU
		{F769F3C1-B4E5-4DC2-8B24-E55A62C27336}.Release|Any CPU.ActiveCfg = Release|Any CPU
		{F769F3C1-B4E5-4DC2-8B24-E55A62C27336}.Release|Any CPU.Build.0 = Release|Any CPU
	EndGlobalSection
	GlobalSection(SolutionProperties) = preSolution
		HideSolutionNode = FALSE
	EndGlobalSection
	GlobalSection(ExtensibilityGlobals) = postSolution
		SolutionGuid = {258FC893-16DE-4EC2-93DC-C8E6814EB99B}
	EndGlobalSection
EndGlobal
